
Microsoft Visual Studio Solution File, Format Version 12.00
# Visual Studio Version 17
VisualStudioVersion = 17.5.002.0
MinimumVisualStudioVersion = 10.0.40219.1
Project("{2150E333-8FDC-42A3-9474-1A3956D46DE8}") = "ProyectoObtenerKeysLibrary", "ProyectoObtenerKeysLibrary", "{70E3E20E-501C-469A-B275-8FC20C95AD29}"
EndProject
Project("{9A19103F-16F7-4668-BE54-9A1E7A4F7556}") = "ProyectoLibrary", "ProyectoObtenerKeysLibrary\ProyectoLibrary\ProyectoLibrary.csproj", "{17BAC115-D894-4F81-8B34-DDD8D841A0E2}"
EndProject
Global
	GlobalSection(SolutionConfigurationPlatforms) = preSolution
		Debug|Any CPU = Debug|Any CPU
		Release|Any CPU = Release|Any CPU
	EndGlobalSection
	GlobalSection(ProjectConfigurationPlatforms) = postSolution
		{17BAC115-D894-4F81-8B34-DDD8D841A0E2}.Debug|Any CPU.ActiveCfg = Debug|Any CPU
		{17BAC115-D894-4F81-8B34-DDD8D841A0E2}.Debug|Any CPU.Build.0 = Debug|Any CPU
		{17BAC115-D894-4F81-8B34-DDD8D841A0E2}.Release|Any CPU.ActiveCfg = Release|Any CPU
		{17BAC115-D894-4F81-8B34-DDD8D841A0E2}.Release|Any CPU.Build.0 = Release|Any CPU
	EndGlobalSection
	GlobalSection(SolutionProperties) = preSolution
		HideSolutionNode = FALSE
	EndGlobalSection
	GlobalSection(NestedProjects) = preSolution
		{17BAC115-D894-4F81-8B34-DDD8D841A0E2} = {70E3E20E-501C-469A-B275-8FC20C95AD29}
	EndGlobalSection
	GlobalSection(ExtensibilityGlobals) = postSolution
		SolutionGuid = {9086BC7B-C9BE-48AD-BE4D-3E3CED4D02D2}
	EndGlobalSection
EndGlobal
